// !$*UTF8*$!
{
	archiveVersion = 1;
	classes = {
	};
	objectVersion = 55;
	objects = {

/* Begin PBXBuildFile section */
		4C3824C8282B54FF007E489A /* AppDelegate.swift in Sources */ = {isa = PBXBuildFile; fileRef = 4C3824C7282B54FF007E489A /* AppDelegate.swift */; };
		4C3824CA282B54FF007E489A /* SceneDelegate.swift in Sources */ = {isa = PBXBuildFile; fileRef = 4C3824C9282B54FF007E489A /* SceneDelegate.swift */; };
		4C3824CC282B54FF007E489A /* ViewController.swift in Sources */ = {isa = PBXBuildFile; fileRef = 4C3824CB282B54FF007E489A /* ViewController.swift */; };
		4C3824CF282B54FF007E489A /* Main.storyboard in Resources */ = {isa = PBXBuildFile; fileRef = 4C3824CD282B54FF007E489A /* Main.storyboard */; };
		4C3824D1282B5501007E489A /* Assets.xcassets in Resources */ = {isa = PBXBuildFile; fileRef = 4C3824D0282B5501007E489A /* Assets.xcassets */; };
		4C3824D4282B5501007E489A /* LaunchScreen.storyboard in Resources */ = {isa = PBXBuildFile; fileRef = 4C3824D2282B5501007E489A /* LaunchScreen.storyboard */; };
		611C8A17A64AEDE08EF223C8 /* Pods_LineDemo.framework in Frameworks */ = {isa = PBXBuildFile; fileRef = 308BB526C577A54EEC661603 /* Pods_LineDemo.framework */; };
/* End PBXBuildFile section */

/* Begin PBXFileReference section */
		308BB526C577A54EEC661603 /* Pods_LineDemo.framework */ = {isa = PBXFileReference; explicitFileType = wrapper.framework; includeInIndex = 0; path = Pods_LineDemo.framework; sourceTree = BUILT_PRODUCTS_DIR; };
		4C3824C4282B54FF007E489A /* LineDemo.app */ = {isa = PBXFileReference; explicitFileType = wrapper.application; includeInIndex = 0; path = LineDemo.app; sourceTree = BUILT_PRODUCTS_DIR; };
		4C3824C7282B54FF007E489A /* AppDelegate.swift */ = {isa = PBXFileReference; lastKnownFileType = sourcecode.swift; path = AppDelegate.swift; sourceTree = "<group>"; };
		4C3824C9282B54FF007E489A /* SceneDelegate.swift */ = {isa = PBXFileReference; lastKnownFileType = sourcecode.swift; path = SceneDelegate.swift; sourceTree = "<group>"; };
		4C3824CB282B54FF007E489A /* ViewController.swift */ = {isa = PBXFileReference; lastKnownFileType = sourcecode.swift; path = ViewController.swift; sourceTree = "<group>"; };
		4C3824CE282B54FF007E489A /* Base */ = {isa = PBXFileReference; lastKnownFileType = file.storyboard; name = Base; path = Base.lproj/Main.storyboard; sourceTree = "<group>"; };
		4C3824D0282B5501007E489A /* Assets.xcassets */ = {isa = PBXFileReference; lastKnownFileType = folder.assetcatalog; path = Assets.xcassets; sourceTree = "<group>"; };
		4C3824D3282B5501007E489A /* Base */ = {isa = PBXFileReference; lastKnownFileType = file.storyboard; name = Base; path = Base.lproj/LaunchScreen.storyboard; sourceTree = "<group>"; };
		4C3824D5282B5501007E489A /* Info.plist */ = {isa = PBXFileReference; lastKnownFileType = text.plist.xml; path = Info.plist; sourceTree = "<group>"; };
		88DEFFD7F9D5D741DAB464F3 /* Pods-LineDemo.debug.xcconfig */ = {isa = PBXFileReference; includeInIndex = 1; lastKnownFileType = text.xcconfig; name = "Pods-LineDemo.debug.xcconfig"; path = "Target Support Files/Pods-LineDemo/Pods-LineDemo.debug.xcconfig"; sourceTree = "<group>"; };
		B67445C3BC8754D82C01B1E7 /* Pods-LineDemo.release.xcconfig */ = {isa = PBXFileReference; includeInIndex = 1; lastKnownFileType = text.xcconfig; name = "Pods-LineDemo.release.xcconfig"; path = "Target Support Files/Pods-LineDemo/Pods-LineDemo.release.xcconfig"; sourceTree = "<group>"; };
/* End PBXFileReference section */

/* Begin PBXFrameworksBuildPhase section */
		4C3824C1282B54FF007E489A /* Frameworks */ = {
			isa = PBXFrameworksBuildPhase;
			buildActionMask = 2147483647;
			files = (
				611C8A17A64AEDE08EF223C8 /* Pods_LineDemo.framework in Frameworks */,
			);
			runOnlyForDeploymentPostprocessing = 0;
		};
/* End PBXFrameworksBuildPhase section */

/* Begin PBXGroup section */
		4C3824BB282B54FF007E489A = {
			isa = PBXGroup;
			children = (
				4C3824C6282B54FF007E489A /* LineDemo */,
				4C3824C5282B54FF007E489A /* Products */,
				BC20971B6E1E2FBF4F415378 /* Pods */,
				FEF7692CD2A790229015489A /* Frameworks */,
			);
			sourceTree = "<group>";
		};
		4C3824C5282B54FF007E489A /* Products */ = {
			isa = PBXGroup;
			children = (
				4C3824C4282B54FF007E489A /* LineDemo.app */,
			);
			name = Products;
			sourceTree = "<group>";
		};
		4C3824C6282B54FF007E489A /* LineDemo */ = {
			isa = PBXGroup;
			children = (
				4C3824C7282B54FF007E489A /* AppDelegate.swift */,
				4C3824C9282B54FF007E489A /* SceneDelegate.swift */,
				4C3824CB282B54FF007E489A /* ViewController.swift */,
				4C3824CD282B54FF007E489A /* Main.storyboard */,
				4C3824D0282B5501007E489A /* Assets.xcassets */,
				4C3824D2282B5501007E489A /* LaunchScreen.storyboard */,
				4C3824D5282B5501007E489A /* Info.plist */,
			);
			path = LineDemo;
			sourceTree = "<group>";
		};
		BC20971B6E1E2FBF4F415378 /* Pods */ = {
			isa = PBXGroup;
			children = (
				88DEFFD7F9D5D741DAB464F3 /* Pods-LineDemo.debug.xcconfig */,
				B67445C3BC8754D82C01B1E7 /* Pods-LineDemo.release.xcconfig */,
			);
			name = Pods;
			path = Pods;
			sourceTree = "<group>";
		};
		FEF7692CD2A790229015489A /* Frameworks */ = {
			isa = PBXGroup;
			children = (
				308BB526C577A54EEC661603 /* Pods_LineDemo.framework */,
			);
			name = Frameworks;
			sourceTree = "<group>";
		};
/* End PBXGroup section */

/* Begin PBXNativeTarget section */
		4C3824C3282B54FF007E489A /* LineDemo */ = {
			isa = PBXNativeTarget;
			buildConfigurationList = 4C3824D8282B5501007E489A /* Build configuration list for PBXNativeTarget "LineDemo" */;
			buildPhases = (
				ED9EE844D3349570FFB1C826 /* [CP] Check Pods Manifest.lock */,
				4C3824C0282B54FF007E489A /* Sources */,
				4C3824C1282B54FF007E489A /* Frameworks */,
				4C3824C2282B54FF007E489A /* Resources */,
				B5428C2CB5170B102F96E210 /* [CP] Embed Pods Frameworks */,
			);
			buildRules = (
			);
			dependencies = (
			);
			name = LineDemo;
			productName = LineDemo;
			productReference = 4C3824C4282B54FF007E489A /* LineDemo.app */;
			productType = "com.apple.product-type.application";
		};
/* End PBXNativeTarget section */

/* Begin PBXProject section */
		4C3824BC282B54FF007E489A /* Project object */ = {
			isa = PBXProject;
			attributes = {
				BuildIndependentTargetsInParallel = 1;
				LastSwiftUpdateCheck = 1320;
				LastUpgradeCheck = 1320;
				TargetAttributes = {
					4C3824C3282B54FF007E489A = {
						CreatedOnToolsVersion = 13.2;
					};
				};
			};
			buildConfigurationList = 4C3824BF282B54FF007E489A /* Build configuration list for PBXProject "LineDemo" */;
			compatibilityVersion = "Xcode 13.0";
			developmentRegion = en;
			hasScannedForEncodings = 0;
			knownRegions = (
				en,
				Base,
			);
			mainGroup = 4C3824BB282B54FF007E489A;
			productRefGroup = 4C3824C5282B54FF007E489A /* Products */;
			projectDirPath = "";
			projectRoot = "";
			targets = (
				4C3824C3282B54FF007E489A /* LineDemo */,
			);
		};
/* End PBXProject section */

/* Begin PBXResourcesBuildPhase section */
		4C3824C2282B54FF007E489A /* Resources */ = {
			isa = PBXResourcesBuildPhase;
			buildActionMask = 2147483647;
			files = (
				4C3824D4282B5501007E489A /* LaunchScreen.storyboard in Resources */,
				4C3824D1282B5501007E489A /* Assets.xcassets in Resources */,
				4C3824CF282B54FF007E489A /* Main.storyboard in Resources */,
			);
			runOnlyForDeploymentPostprocessing = 0;
		};
/* End PBXResourcesBuildPhase section */

/* Begin PBXShellScriptBuildPhase section */
		B5428C2CB5170B102F96E210 /* [CP] Embed Pods Frameworks */ = {
			isa = PBXShellScriptBuildPhase;
			buildActionMask = 2147483647;
			files = (
			);
			inputFileListPaths = (
				"${PODS_ROOT}/Target Support Files/Pods-LineDemo/Pods-LineDemo-frameworks-${CONFIGURATION}-input-files.xcfilelist",
			);
			name = "[CP] Embed Pods Frameworks";
			outputFileListPaths = (
				"${PODS_ROOT}/Target Support Files/Pods-LineDemo/Pods-LineDemo-frameworks-${CONFIGURATION}-output-files.xcfilelist",
			);
			runOnlyForDeploymentPostprocessing = 0;
			shellPath = /bin/sh;
			shellScript = "\"${PODS_ROOT}/Target Support Files/Pods-LineDemo/Pods-LineDemo-frameworks.sh\"\n";
			showEnvVarsInLog = 0;
		};
		ED9EE844D3349570FFB1C826 /* [CP] Check Pods Manifest.lock */ = {
			isa = PBXShellScriptBuildPhase;
			buildActionMask = 2147483647;
			files = (
			);
			inputFileListPaths = (
			);
			inputPaths = (
				"${PODS_PODFILE_DIR_PATH}/Podfile.lock",
				"${PODS_ROOT}/Manifest.lock",
			);
			name = "[CP] Check Pods Manifest.lock";
			outputFileListPaths = (
			);
			outputPaths = (
				"$(DERIVED_FILE_DIR)/Pods-LineDemo-checkManifestLockResult.txt",
			);
			runOnlyForDeploymentPostprocessing = 0;
			shellPath = /bin/sh;
			shellScript = "diff \"${PODS_PODFILE_DIR_PATH}/Podfile.lock\" \"${PODS_ROOT}/Manifest.lock\" > /dev/null\nif [ $? != 0 ] ; then\n    # print error to STDERR\n    echo \"error: The sandbox is not in sync with the Podfile.lock. Run 'pod install' or update your CocoaPods installation.\" >&2\n    exit 1\nfi\n# This output is used by Xcode 'outputs' to avoid re-running this script phase.\necho \"SUCCESS\" > \"${SCRIPT_OUTPUT_FILE_0}\"\n";
			showEnvVarsInLog = 0;
		};
/* End PBXShellScriptBuildPhase section */

/* Begin PBXSourcesBuildPhase section */
		4C3824C0282B54FF007E489A /* Sources */ = {
			isa = PBXSourcesBuildPhase;
			buildActionMask = 2147483647;
			files = (
				4C3824CC282B54FF007E489A /* ViewController.swift in Sources */,
				4C3824C8282B54FF007E489A /* AppDelegate.swift in Sources */,
				4C3824CA282B54FF007E489A /* SceneDelegate.swift in Sources */,
			);
			runOnlyForDeploymentPostprocessing = 0;
		};
/* End PBXSourcesBuildPhase section */

/* Begin PBXVariantGroup section */
		4C3824CD282B54FF007E489A /* Main.storyboard */ = {
			isa = PBXVariantGroup;
			children = (
				4C3824CE282B54FF007E489A /* Base */,
			);
			name = Main.storyboard;
			sourceTree = "<group>";
		};
		4C3824D2282B5501007E489A /* LaunchScreen.storyboard */ = {
			isa = PBXVariantGroup;
			children = (
				4C3824D3282B5501007E489A /* Base */,
			);
			name = LaunchScreen.storyboard;
			sourceTree = "<group>";
		};
/* End PBXVariantGroup section */

/* Begin XCBuildConfiguration section */
		4C3824D6282B5501007E489A /* Debug */ = {
			isa = XCBuildConfiguration;
			buildSettings = {
				ALWAYS_SEARCH_USER_PATHS = NO;
				CLANG_ANALYZER_NONNULL = YES;
				CLANG_ANALYZER_NUMBER_OBJECT_CONVERSION = YES_AGGRESSIVE;
				CLANG_CXX_LANGUAGE_STANDARD = "gnu++17";
				CLANG_CXX_LIBRARY = "libc++";
				CLANG_ENABLE_MODULES = YES;
				CLANG_ENABLE_OBJC_ARC = YES;
				CLANG_ENABLE_OBJC_WEAK = YES;
				CLANG_WARN_BLOCK_CAPTURE_AUTORELEASING = YES;
				CLANG_WARN_BOOL_CONVERSION = YES;
				CLANG_WARN_COMMA = YES;
				CLANG_WARN_CONSTANT_CONVERSION = YES;
				CLANG_WARN_DEPRECATED_OBJC_IMPLEMENTATIONS = YES;
				CLANG_WARN_DIRECT_OBJC_ISA_USAGE = YES_ERROR;
				CLANG_WARN_DOCUMENTATION_COMMENTS = YES;
				CLANG_WARN_EMPTY_BODY = YES;
				CLANG_WARN_ENUM_CONVERSION = YES;
				CLANG_WARN_INFINITE_RECURSION = YES;
				CLANG_WARN_INT_CONVERSION = YES;
				CLANG_WARN_NON_LITERAL_NULL_CONVERSION = YES;
				CLANG_WARN_OBJC_IMPLICIT_RETAIN_SELF = YES;
				CLANG_WARN_OBJC_LITERAL_CONVERSION = YES;
				CLANG_WARN_OBJC_ROOT_CLASS = YES_ERROR;
				CLANG_WARN_QUOTED_INCLUDE_IN_FRAMEWORK_HEADER = YES;
				CLANG_WARN_RANGE_LOOP_ANALYSIS = YES;
				CLANG_WARN_STRICT_PROTOTYPES = YES;
				CLANG_WARN_SUSPICIOUS_MOVE = YES;
				CLANG_WARN_UNGUARDED_AVAILABILITY = YES_AGGRESSIVE;
				CLANG_WARN_UNREACHABLE_CODE = YES;
				CLANG_WARN__DUPLICATE_METHOD_MATCH = YES;
				COPY_PHASE_STRIP = NO;
				DEBUG_INFORMATION_FORMAT = dwarf;
				ENABLE_STRICT_OBJC_MSGSEND = YES;
				ENABLE_TESTABILITY = YES;
				GCC_C_LANGUAGE_STANDARD = gnu11;
				GCC_DYNAMIC_NO_PIC = NO;
				GCC_NO_COMMON_BLOCKS = YES;
				GCC_OPTIMIZATION_LEVEL = 0;
				GCC_PREPROCESSOR_DEFINITIONS = (
					"DEBUG=1",
					"$(inherited)",
				);
				GCC_WARN_64_TO_32_BIT_CONVERSION = YES;
				GCC_WARN_ABOUT_RETURN_TYPE = YES_ERROR;
				GCC_WARN_UNDECLARED_SELECTOR = YES;
				GCC_WARN_UNINITIALIZED_AUTOS = YES_AGGRESSIVE;
				GCC_WARN_UNUSED_FUNCTION = YES;
				GCC_WARN_UNUSED_VARIABLE = YES;
				IPHONEOS_DEPLOYMENT_TARGET = 15.2;
				MTL_ENABLE_DEBUG_INFO = INCLUDE_SOURCE;
				MTL_FAST_MATH = YES;
				ONLY_ACTIVE_ARCH = YES;
				SDKROOT = iphoneos;
				SWIFT_ACTIVE_COMPILATION_CONDITIONS = DEBUG;
				SWIFT_OPTIMIZATION_LEVEL = "-Onone";
			};
			name = Debug;
		};
		4C3824D7282B5501007E489A /* Release */ = {
			isa = XCBuildConfiguration;
			buildSettings = {
				ALWAYS_SEARCH_USER_PATHS = NO;
				CLANG_ANALYZER_NONNULL = YES;
				CLANG_ANALYZER_NUMBER_OBJECT_CONVERSION = YES_AGGRESSIVE;
				CLANG_CXX_LANGUAGE_STANDARD = "gnu++17";
				CLANG_CXX_LIBRARY = "libc++";
				CLANG_ENABLE_MODULES = YES;
				CLANG_ENABLE_OBJC_ARC = YES;
				CLANG_ENABLE_OBJC_WEAK = YES;
				CLANG_WARN_BLOCK_CAPTURE_AUTORELEASING = YES;
				CLANG_WARN_BOOL_CONVERSION = YES;
				CLANG_WARN_COMMA = YES;
				CLANG_WARN_CONSTANT_CONVERSION = YES;
				CLANG_WARN_DEPRECATED_OBJC_IMPLEMENTATIONS = YES;
				CLANG_WARN_DIRECT_OBJC_ISA_USAGE = YES_ERROR;
				CLANG_WARN_DOCUMENTATION_COMMENTS = YES;
				CLANG_WARN_EMPTY_BODY = YES;
				CLANG_WARN_ENUM_CONVERSION = YES;
				CLANG_WARN_INFINITE_RECURSION = YES;
				CLANG_WARN_INT_CONVERSION = YES;
				CLANG_WARN_NON_LITERAL_NULL_CONVERSION = YES;
				CLANG_WARN_OBJC_IMPLICIT_RETAIN_SELF = YES;
				CLANG_WARN_OBJC_LITERAL_CONVERSION = YES;
				CLANG_WARN_OBJC_ROOT_CLASS = YES_ERROR;
				CLANG_WARN_QUOTED_INCLUDE_IN_FRAMEWORK_HEADER = YES;
				CLANG_WARN_RANGE_LOOP_ANALYSIS = YES;
				CLANG_WARN_STRICT_PROTOTYPES = YES;
				CLANG_WARN_SUSPICIOUS_MOVE = YES;
				CLANG_WARN_UNGUARDED_AVAILABILITY = YES_AGGRESSIVE;
				CLANG_WARN_UNREACHABLE_CODE = YES;
				CLANG_WARN__DUPLICATE_METHOD_MATCH = YES;
				COPY_PHASE_STRIP = NO;
				DEBUG_INFORMATION_FORMAT = "dwarf-with-dsym";
				ENABLE_NS_ASSERTIONS = NO;
				ENABLE_STRICT_OBJC_MSGSEND = YES;
				GCC_C_LANGUAGE_STANDARD = gnu11;
				GCC_NO_COMMON_BLOCKS = YES;
				GCC_WARN_64_TO_32_BIT_CONVERSION = YES;
				GCC_WARN_ABOUT_RETURN_TYPE = YES_ERROR;
				GCC_WARN_UNDECLARED_SELECTOR = YES;
				GCC_WARN_UNINITIALIZED_AUTOS = YES_AGGRESSIVE;
				GCC_WARN_UNUSED_FUNCTION = YES;
				GCC_WARN_UNUSED_VARIABLE = YES;
				IPHONEOS_DEPLOYMENT_TARGET = 15.2;
				MTL_ENABLE_DEBUG_INFO = NO;
				MTL_FAST_MATH = YES;
				SDKROOT = iphoneos;
				SWIFT_COMPILATION_MODE = wholemodule;
				SWIFT_OPTIMIZATION_LEVEL = "-O";
				VALIDATE_PRODUCT = YES;
			};
			name = Release;
		};
		4C3824D9282B5501007E489A /* Debug */ = {
			isa = XCBuildConfiguration;
			baseConfigurationReference = 88DEFFD7F9D5D741DAB464F3 /* Pods-LineDemo.debug.xcconfig */;
			buildSettings = {
				ASSETCATALOG_COMPILER_APPICON_NAME = AppIcon;
				ASSETCATALOG_COMPILER_GLOBAL_ACCENT_COLOR_NAME = AccentColor;
				CODE_SIGN_STYLE = Automatic;
				CURRENT_PROJECT_VERSION = 1;
				DEVELOPMENT_TEAM = FLSQXRW6T6;
				GENERATE_INFOPLIST_FILE = YES;
				INFOPLIST_FILE = LineDemo/Info.plist;
				INFOPLIST_KEY_UIApplicationSupportsIndirectInputEvents = YES;
				INFOPLIST_KEY_UILaunchStoryboardName = LaunchScreen;
				INFOPLIST_KEY_UIMainStoryboardFile = Main;
				INFOPLIST_KEY_UISupportedInterfaceOrientations_iPad = "UIInterfaceOrientationPortrait UIInterfaceOrientationPortraitUpsideDown UIInterfaceOrientationLandscapeLeft UIInterfaceOrientationLandscapeRight";
				INFOPLIST_KEY_UISupportedInterfaceOrientations_iPhone = "UIInterfaceOrientationPortrait UIInterfaceOrientationLandscapeLeft UIInterfaceOrientationLandscapeRight";
				LD_RUNPATH_SEARCH_PATHS = (
					"$(inherited)",
					"@executable_path/Frameworks",
				);
				MARKETING_VERSION = 1.0;
				PRODUCT_BUNDLE_IDENTIFIER = com.vn.miichisoft.lineDemo.LineDemo;
				PRODUCT_NAME = "$(TARGET_NAME)";
				SWIFT_EMIT_LOC_STRINGS = YES;
				SWIFT_VERSION = 5.0;
				TARGETED_DEVICE_FAMILY = "1,2";
			};
			name = Debug;
		};
		4C3824DA282B5501007E489A /* Release */ = {
			isa = XCBuildConfiguration;
			baseConfigurationReference = B67445C3BC8754D82C01B1E7 /* Pods-LineDemo.release.xcconfig */;
			buildSettings = {
				ASSETCATALOG_COMPILER_APPICON_NAME = AppIcon;
				ASSETCATALOG_COMPILER_GLOBAL_ACCENT_COLOR_NAME = AccentColor;
				CODE_SIGN_STYLE = Automatic;
				CURRENT_PROJECT_VERSION = 1;
				DEVELOPMENT_TEAM = FLSQXRW6T6;
				GENERATE_INFOPLIST_FILE = YES;
				INFOPLIST_FILE = LineDemo/Info.plist;
				INFOPLIST_KEY_UIApplicationSupportsIndirectInputEvents = YES;
				INFOPLIST_KEY_UILaunchStoryboardName = LaunchScreen;
				INFOPLIST_KEY_UIMainStoryboardFile = Main;
				INFOPLIST_KEY_UISupportedInterfaceOrientations_iPad = "UIInterfaceOrientationPortrait UIInterfaceOrientationPortraitUpsideDown UIInterfaceOrientationLandscapeLeft UIInterfaceOrientationLandscapeRight";
				INFOPLIST_KEY_UISupportedInterfaceOrientations_iPhone = "UIInterfaceOrientationPortrait UIInterfaceOrientationLandscapeLeft UIInterfaceOrientationLandscapeRight";
				LD_RUNPATH_SEARCH_PATHS = (
					"$(inherited)",
					"@executable_path/Frameworks",
				);
				MARKETING_VERSION = 1.0;
				PRODUCT_BUNDLE_IDENTIFIER = com.vn.miichisoft.lineDemo.LineDemo;
				PRODUCT_NAME = "$(TARGET_NAME)";
				SWIFT_EMIT_LOC_STRINGS = YES;
				SWIFT_VERSION = 5.0;
				TARGETED_DEVICE_FAMILY = "1,2";
			};
			name = Release;
		};
/* End XCBuildConfiguration section */

/* Begin XCConfigurationList section */
		4C3824BF282B54FF007E489A /* Build configuration list for PBXProject "LineDemo" */ = {
			isa = XCConfigurationList;
			buildConfigurations = (
				4C3824D6282B5501007E489A /* Debug */,
				4C3824D7282B5501007E489A /* Release */,
			);
			defaultConfigurationIsVisible = 0;
			defaultConfigurationName = Release;
		};
		4C3824D8282B5501007E489A /* Build configuration list for PBXNativeTarget "LineDemo" */ = {
			isa = XCConfigurationList;
			buildConfigurations = (
				4C3824D9282B5501007E489A /* Debug */,
				4C3824DA282B5501007E489A /* Release */,
			);
			defaultConfigurationIsVisible = 0;
			defaultConfigurationName = Release;
		};
/* End XCConfigurationList section */
	};
	rootObject = 4C3824BC282B54FF007E489A /* Project object */;
}
